<?xml version="1.0" encoding="utf-8"?>
<Project ToolsVersion="4.0" xmlns="http://schemas.microsoft.com/developer/msbuild/2003">
  <ItemGroup>
    <Filter Include="源文件">
      <UniqueIdentifier>{4FC737F1-C7A5-4376-A066-2A32D752A2FF}</UniqueIdentifier>
      <Extensions>cpp;c;cc;cxx;def;odl;idl;hpj;bat;asm;asmx</Extensions>
    </Filter>
    <Filter Include="头文件">
      <UniqueIdentifier>{93995380-89BD-4b04-88EB-625FBE52EBFB}</UniqueIdentifier>
      <Extensions>h;hh;hpp;hxx;hm;inl;inc;xsd</Extensions>
    </Filter>
    <Filter Include="资源文件">
      <UniqueIdentifier>{67DA6AB6-F800-4c08-8B7A-83BB121AAD01}</UniqueIdentifier>
      <Extensions>rc;ico;cur;bmp;dlg;rc2;rct;bin;rgs;gif;jpg;jpeg;jpe;resx;tiff;tif;png;wav;mfcribbon-ms</Extensions>
    </Filter>
    <Filter Include="生成的文件">
      <UniqueIdentifier>{e62e42bc-1d0b-4b63-8755-1525660966e6}</UniqueIdentifier>
      <SourceControlFiles>False</SourceControlFiles>
    </Filter>
    <Filter Include="头文件\util">
      <UniqueIdentifier>{f9cfe22d-0f38-452e-9816-5029ef2cb9d2}</UniqueIdentifier>
    </Filter>
    <Filter Include="头文件\word">
      <UniqueIdentifier>{9b51a54b-fa40-4a22-b337-ce29b0ea0782}</UniqueIdentifier>
    </Filter>
    <Filter Include="头文件\wps">
      <UniqueIdentifier>{5b48d04a-9ce7-4d5c-b891-87f5bb1f4c90}</UniqueIdentifier>
    </Filter>
    <Filter Include="源文件\util">
      <UniqueIdentifier>{2d93fe68-e169-448a-8a7b-206db06a7b74}</UniqueIdentifier>
    </Filter>
    <Filter Include="源文件\word">
      <UniqueIdentifier>{14888e55-0cf1-44cd-9e51-f4f2ab513c71}</UniqueIdentifier>
    </Filter>
    <Filter Include="源文件\wps">
      <UniqueIdentifier>{305a58c2-2d1e-4b59-a610-54a2579a399d}</UniqueIdentifier>
    </Filter>
    <Filter Include="源文件\test">
      <UniqueIdentifier>{d1f1c83b-6035-42d3-b63b-49274725f63d}</UniqueIdentifier>
    </Filter>
    <Filter Include="头文件\test">
      <UniqueIdentifier>{d3ea5e49-3084-484c-acf2-7ddbd9145371}</UniqueIdentifier>
    </Filter>
  </ItemGroup>
  <ItemGroup>
    <ClCompile Include="stdafx.cpp">
      <Filter>源文件</Filter>
    </ClCompile>
    <ClCompile Include="OpenWD.cpp">
      <Filter>源文件</Filter>
    </ClCompile>
    <ClCompile Include="dllmain.cpp">
      <Filter>源文件</Filter>
    </ClCompile>
    <ClCompile Include="compreg.cpp">
      <Filter>源文件</Filter>
    </ClCompile>
    <ClCompile Include="xdlldata.c">
      <Filter>源文件</Filter>
    </ClCompile>
    <ClCompile Include="OpenWD_i.c">
      <Filter>生成的文件</Filter>
    </ClCompile>
    <ClCompile Include="OpenEdit.cpp">
      <Filter>源文件</Filter>
    </ClCompile>
    <ClCompile Include="cpp\word\word.cpp">
      <Filter>源文件\word</Filter>
    </ClCompile>
    <ClCompile Include="cpp\util\BrowseDirDialog.cpp">
      <Filter>源文件\util</Filter>
    </ClCompile>
    <ClCompile Include="cpp\util\des.cpp">
      <Filter>源文件\util</Filter>
    </ClCompile>
    <ClCompile Include="cpp\util\InfoZip.cpp">
      <Filter>源文件\util</Filter>
    </ClCompile>
    <ClCompile Include="cpp\util\PubFunction.cpp">
      <Filter>源文件\util</Filter>
    </ClCompile>
    <ClCompile Include="cpp\util\Regedit.cpp">
      <Filter>源文件\util</Filter>
    </ClCompile>
    <ClCompile Include="cpp\util\ShowMsgDlg.cpp">
      <Filter>源文件\util</Filter>
    </ClCompile>
    <ClCompile Include="cpp\wps\wps.cpp">
      <Filter>源文件\wps</Filter>
    </ClCompile>
  </ItemGroup>
  <ItemGroup>
    <ClInclude Include="stdafx.h">
      <Filter>头文件</Filter>
    </ClInclude>
    <ClInclude Include="targetver.h">
      <Filter>头文件</Filter>
    </ClInclude>
    <ClInclude Include="Resource.h">
      <Filter>头文件</Filter>
    </ClInclude>
    <ClInclude Include="dllmain.h">
      <Filter>头文件</Filter>
    </ClInclude>
    <ClInclude Include="compreg.h">
      <Filter>头文件</Filter>
    </ClInclude>
    <ClInclude Include="xdlldata.h">
      <Filter>头文件</Filter>
    </ClInclude>
    <ClInclude Include="OpenWD_i.h">
      <Filter>生成的文件</Filter>
    </ClInclude>
    <ClInclude Include="_IOpenEditEvents_CP.h">
      <Filter>头文件</Filter>
    </ClInclude>
    <ClInclude Include="OpenEdit.h">
      <Filter>头文件</Filter>
    </ClInclude>
    <ClInclude Include="include\word\msword.h">
      <Filter>头文件\word</Filter>
    </ClInclude>
    <ClInclude Include="include\word\word.h">
      <Filter>头文件\word</Filter>
    </ClInclude>
    <ClInclude Include="include\util\BrowseDirDialog.h">
      <Filter>头文件\util</Filter>
    </ClInclude>
    <ClInclude Include="include\util\des.h">
      <Filter>头文件\util</Filter>
    </ClInclude>
    <ClInclude Include="include\util\InfoZip.h">
      <Filter>头文件\util</Filter>
    </ClInclude>
    <ClInclude Include="include\util\PubFunction.h">
      <Filter>头文件\util</Filter>
    </ClInclude>
    <ClInclude Include="include\util\Regedit.h">
      <Filter>头文件\util</Filter>
    </ClInclude>
    <ClInclude Include="include\util\ShowMsgDlg.h">
      <Filter>头文件\util</Filter>
    </ClInclude>
    <ClInclude Include="include\util\UnzipDLL.h">
      <Filter>头文件\util</Filter>
    </ClInclude>
    <ClInclude Include="include\util\ZCallBck.h">
      <Filter>头文件\util</Filter>
    </ClInclude>
    <ClInclude Include="include\util\ZipDLL.h">
      <Filter>头文件\util</Filter>
    </ClInclude>
    <ClInclude Include="include\wps\kingsoftWPS.h">
      <Filter>头文件\wps</Filter>
    </ClInclude>
    <ClInclude Include="include\wps\wps.h">
      <Filter>头文件\wps</Filter>
    </ClInclude>
  </ItemGroup>
  <ItemGroup>
    <ResourceCompile Include="OpenWD.rc">
      <Filter>资源文件</Filter>
    </ResourceCompile>
  </ItemGroup>
  <ItemGroup>
    <Text Include="ReadMe.txt" />
  </ItemGroup>
  <ItemGroup>
    <None Include="OpenWD.rgs">
      <Filter>资源文件</Filter>
    </None>
    <None Include="OpenWD.def">
      <Filter>源文件</Filter>
    </None>
    <None Include="OpenEdit.rgs">
      <Filter>资源文件</Filter>
    </None>
  </ItemGroup>
  <ItemGroup>
    <Midl Include="OpenWD.idl">
      <Filter>源文件</Filter>
    </Midl>
  </ItemGroup>
</Project>